
Microsoft Visual Studio Solution File, Format Version 12.00
# Visual Studio Version 16
VisualStudioVersion = 25.0.1705.0
MinimumVisualStudioVersion = 10.0.40219.1
Project("{FAE04EC0-301F-11D3-BF4B-00C04F79EFBC}") = "lab_4", "lab_4\lab_4.csproj", "{3DA81505-47F7-439C-9498-493A3C14AB4F}"
EndProject
Global
	GlobalSection(SolutionConfigurationPlatforms) = preSolution
		Debug|Any CPU = Debug|Any CPU
		Release|Any CPU = Release|Any CPU
	EndGlobalSection
	GlobalSection(ProjectConfigurationPlatforms) = postSolution
		{3DA81505-47F7-439C-9498-493A3C14AB4F}.Debug|Any CPU.ActiveCfg = Debug|Any CPU
		{3DA81505-47F7-439C-9498-493A3C14AB4F}.Debug|Any CPU.Build.0 = Debug|Any CPU
		{3DA81505-47F7-439C-9498-493A3C14AB4F}.Release|Any CPU.ActiveCfg = Release|Any CPU
		{3DA81505-47F7-439C-9498-493A3C14AB4F}.Release|Any CPU.Build.0 = Release|Any CPU
	EndGlobalSection
	GlobalSection(SolutionProperties) = preSolution
		HideSolutionNode = FALSE
	EndGlobalSection
	GlobalSection(ExtensibilityGlobals) = postSolution
		SolutionGuid = {D84C66DA-A20F-4226-A825-39BAC2ED7CDB}
	EndGlobalSection
EndGlobal
